
Microsoft Visual Studio Solution File, Format Version 12.00
# Visual Studio 15
VisualStudioVersion = 15.0.28307.102
MinimumVisualStudioVersion = 10.0.40219.1
Project("{9A19103F-16F7-4668-BE54-9A1E7A4F7556}") = "FischLib", "FischToolsLib\FischLib.csproj", "{90903974-178A-4EB2-8DB8-AAC61125FB46}"
EndProject
Project("{9A19103F-16F7-4668-BE54-9A1E7A4F7556}") = "UnitTest", "UnitTest\UnitTest.csproj", "{9AAA579B-C2A8-4706-A748-32608EB28019}"
EndProject
Global
	GlobalSection(SolutionConfigurationPlatforms) = preSolution
		Debug|Any CPU = Debug|Any CPU
		Release|Any CPU = Release|Any CPU
	EndGlobalSection
	GlobalSection(ProjectConfigurationPlatforms) = postSolution
		{90903974-178A-4EB2-8DB8-AAC61125FB46}.Debug|Any CPU.ActiveCfg = Debug|Any CPU
		{90903974-178A-4EB2-8DB8-AAC61125FB46}.Debug|Any CPU.Build.0 = Debug|Any CPU
		{90903974-178A-4EB2-8DB8-AAC61125FB46}.Release|Any CPU.ActiveCfg = Release|Any CPU
		{90903974-178A-4EB2-8DB8-AAC61125FB46}.Release|Any CPU.Build.0 = Release|Any CPU
		{9AAA579B-C2A8-4706-A748-32608EB28019}.Debug|Any CPU.ActiveCfg = Debug|Any CPU
		{9AAA579B-C2A8-4706-A748-32608EB28019}.Debug|Any CPU.Build.0 = Debug|Any CPU
		{9AAA579B-C2A8-4706-A748-32608EB28019}.Release|Any CPU.ActiveCfg = Release|Any CPU
		{9AAA579B-C2A8-4706-A748-32608EB28019}.Release|Any CPU.Build.0 = Release|Any CPU
	EndGlobalSection
	GlobalSection(SolutionProperties) = preSolution
		HideSolutionNode = FALSE
	EndGlobalSection
	GlobalSection(ExtensibilityGlobals) = postSolution
		SolutionGuid = {6003F55E-B092-4F5A-B691-74000E7D6C94}
	EndGlobalSection
EndGlobal
